
Microsoft Visual Studio Solution File, Format Version 12.00
# Visual Studio 15
VisualStudioVersion = 15.0.26430.6
MinimumVisualStudioVersion = 10.0.40219.1
Project("{FAE04EC0-301F-11D3-BF4B-00C04F79EFBC}") = "ActivityBoardVSP", "ActivityBoardVSP\ActivityBoardVSP.csproj", "{C573F021-C223-4B19-B36B-19E519DCF6FB}"
EndProject
Project("{FAE04EC0-301F-11D3-BF4B-00C04F79EFBC}") = "ActivityBoardVSP.Tests", "ActivityBoardVSP.Tests\ActivityBoardVSP.Tests.csproj", "{130849C4-7785-4964-AE4F-FF1E82499F41}"
EndProject
Global
	GlobalSection(SolutionConfigurationPlatforms) = preSolution
		Debug|Any CPU = Debug|Any CPU
		Release|Any CPU = Release|Any CPU
	EndGlobalSection
	GlobalSection(ProjectConfigurationPlatforms) = postSolution
		{C573F021-C223-4B19-B36B-19E519DCF6FB}.Debug|Any CPU.ActiveCfg = Debug|Any CPU
		{C573F021-C223-4B19-B36B-19E519DCF6FB}.Debug|Any CPU.Build.0 = Debug|Any CPU
		{C573F021-C223-4B19-B36B-19E519DCF6FB}.Release|Any CPU.ActiveCfg = Release|Any CPU
		{C573F021-C223-4B19-B36B-19E519DCF6FB}.Release|Any CPU.Build.0 = Release|Any CPU
		{130849C4-7785-4964-AE4F-FF1E82499F41}.Debug|Any CPU.ActiveCfg = Debug|Any CPU
		{130849C4-7785-4964-AE4F-FF1E82499F41}.Debug|Any CPU.Build.0 = Debug|Any CPU
		{130849C4-7785-4964-AE4F-FF1E82499F41}.Release|Any CPU.ActiveCfg = Release|Any CPU
		{130849C4-7785-4964-AE4F-FF1E82499F41}.Release|Any CPU.Build.0 = Release|Any CPU
	EndGlobalSection
	GlobalSection(SolutionProperties) = preSolution
		HideSolutionNode = FALSE
	EndGlobalSection
EndGlobal
